
Microsoft Visual Studio Solution File, Format Version 12.00
# Visual Studio Version 16
VisualStudioVersion = 16.0.29920.165
MinimumVisualStudioVersion = 10.0.40219.1
Project("{FAE04EC0-301F-11D3-BF4B-00C04F79EFBC}") = "TP1-CaceresPedro", "TP1-PedroCaceres\TP1-CaceresPedro.csproj", "{4B80EDC3-9921-48BA-BC9A-70E699B30D01}"
EndProject
Global
	GlobalSection(SolutionConfigurationPlatforms) = preSolution
		Debug|Any CPU = Debug|Any CPU
		Release|Any CPU = Release|Any CPU
	EndGlobalSection
	GlobalSection(ProjectConfigurationPlatforms) = postSolution
		{4B80EDC3-9921-48BA-BC9A-70E699B30D01}.Debug|Any CPU.ActiveCfg = Debug|Any CPU
		{4B80EDC3-9921-48BA-BC9A-70E699B30D01}.Debug|Any CPU.Build.0 = Debug|Any CPU
		{4B80EDC3-9921-48BA-BC9A-70E699B30D01}.Release|Any CPU.ActiveCfg = Release|Any CPU
		{4B80EDC3-9921-48BA-BC9A-70E699B30D01}.Release|Any CPU.Build.0 = Release|Any CPU
	EndGlobalSection
	GlobalSection(SolutionProperties) = preSolution
		HideSolutionNode = FALSE
	EndGlobalSection
	GlobalSection(ExtensibilityGlobals) = postSolution
		SolutionGuid = {B1BA4A3B-24DB-4AA8-9366-D6B031A59F89}
	EndGlobalSection
EndGlobal
